
Microsoft Visual Studio Solution File, Format Version 12.00
# Visual Studio Version 16
VisualStudioVersion = 16.0.30709.132
MinimumVisualStudioVersion = 10.0.40219.1
Project("{FAE04EC0-301F-11D3-BF4B-00C04F79EFBC}") = "DelegateGetInvocationListBenchmarks", "DelegateGetInvocationListBenchmarks\DelegateGetInvocationListBenchmarks.csproj", "{DA23C17F-80E1-4C7F-8490-72C7337B461D}"
EndProject
Global
	GlobalSection(SolutionConfigurationPlatforms) = preSolution
		Debug|Any CPU = Debug|Any CPU
		Release|Any CPU = Release|Any CPU
	EndGlobalSection
	GlobalSection(ProjectConfigurationPlatforms) = postSolution
		{DA23C17F-80E1-4C7F-8490-72C7337B461D}.Debug|Any CPU.ActiveCfg = Debug|Any CPU
		{DA23C17F-80E1-4C7F-8490-72C7337B461D}.Debug|Any CPU.Build.0 = Debug|Any CPU
		{DA23C17F-80E1-4C7F-8490-72C7337B461D}.Release|Any CPU.ActiveCfg = Release|Any CPU
		{DA23C17F-80E1-4C7F-8490-72C7337B461D}.Release|Any CPU.Build.0 = Release|Any CPU
	EndGlobalSection
	GlobalSection(SolutionProperties) = preSolution
		HideSolutionNode = FALSE
	EndGlobalSection
	GlobalSection(ExtensibilityGlobals) = postSolution
		SolutionGuid = {1175B469-BA4A-42AE-B645-DEFD6C06773C}
	EndGlobalSection
EndGlobal
